
Microsoft Visual Studio Solution File, Format Version 12.00
# Visual Studio 14
VisualStudioVersion = 14.0.25123.0
MinimumVisualStudioVersion = 10.0.40219.1
Project("{2150E333-8FDC-42A3-9474-1A3956D46DE8}") = "Solution Items", "Solution Items", "{4069EBB5-7B97-4901-AEE2-AB688B3A401B}"
	ProjectSection(SolutionItems) = preProject
		global.json = global.json
	EndProjectSection
EndProject
Project("{8BB2217D-0F2D-49D1-97BC-3654ED321F3B}") = "Xen.UI", "src\Xentrina\Xen.UI.xproj", "{81B1A4FF-6A6A-4149-BC64-A567B0D02463}"
EndProject
Project("{2150E333-8FDC-42A3-9474-1A3956D46DE8}") = "0-Modeling and Design", "0-Modeling and Design", "{C67EFEA7-2D80-4AFC-8038-D4F56BE0CFFF}"
EndProject
Project("{2150E333-8FDC-42A3-9474-1A3956D46DE8}") = "Mockups", "Mockups", "{E1E23041-C74F-415D-BF9D-355EC8E2EDCF}"
EndProject
Project("{2150E333-8FDC-42A3-9474-1A3956D46DE8}") = "1-Layers", "1-Layers", "{067A9BFB-4407-4AAA-962C-00C1033637BF}"
EndProject
Project("{2150E333-8FDC-42A3-9474-1A3956D46DE8}") = "1.1-Presentation", "1.1-Presentation", "{D23FC427-43BC-4D2E-BEB5-CF0F622A1CDC}"
EndProject
Project("{2150E333-8FDC-42A3-9474-1A3956D46DE8}") = "1.2-Distributed Services", "1.2-Distributed Services", "{CAD8B711-5922-46FC-8ECC-572B44BA43FC}"
EndProject
Project("{2150E333-8FDC-42A3-9474-1A3956D46DE8}") = "1.3-Domain", "1.3-Domain", "{2E0987ED-82C6-4507-B02B-83918D05B633}"
EndProject
Project("{2150E333-8FDC-42A3-9474-1A3956D46DE8}") = "1.4-Infrastructure", "1.4-Infrastructure", "{3D1B7287-5EA6-41B9-B0C5-37297AF9B3AA}"
EndProject
Project("{2150E333-8FDC-42A3-9474-1A3956D46DE8}") = "2-Database", "2-Database", "{2CC612DE-DEFB-4039-94AE-E83221C3FF02}"
EndProject
Project("{2150E333-8FDC-42A3-9474-1A3956D46DE8}") = "3-UnitTests", "3-UnitTests", "{E68B1AF1-B4B8-4B25-8799-C655D0862B7A}"
EndProject
Project("{2150E333-8FDC-42A3-9474-1A3956D46DE8}") = "4-Artifacts", "4-Artifacts", "{771962B6-DD83-4241-AC2D-70093FC40E7F}"
EndProject
Project("{2150E333-8FDC-42A3-9474-1A3956D46DE8}") = "Power Shell", "Power Shell", "{C778672F-DC23-4741-8320-DC7E6DE73B3D}"
EndProject
Project("{2150E333-8FDC-42A3-9474-1A3956D46DE8}") = "Shell Script", "Shell Script", "{1830E2DC-B129-4109-A674-CCD099889311}"
EndProject
Project("{2150E333-8FDC-42A3-9474-1A3956D46DE8}") = "1.4.1-CrossCutting", "1.4.1-CrossCutting", "{7E47F29E-6325-4087-B582-0E50041329E5}"
EndProject
Project("{2150E333-8FDC-42A3-9474-1A3956D46DE8}") = "1.4.2-Data", "1.4.2-Data", "{83A19961-C8CC-4899-8C09-A1A80F11B67C}"
EndProject
Project("{F088123C-0E9E-452A-89E6-6BA2F21D5CAC}") = "Xen.Models", "Xen.Models\Xen.Models.modelproj", "{3EF9A41A-046F-4344-B091-F3FFC5DA6719}"
EndProject
Project("{8BB2217D-0F2D-49D1-97BC-3654ED321F3B}") = "Xen.DataLayer", "src\Xen.DataLayer\Xen.DataLayer.xproj", "{D2F87585-A925-4DC5-B4D2-0B7C28073439}"
EndProject
Project("{8BB2217D-0F2D-49D1-97BC-3654ED321F3B}") = "Xen.DomainClasses", "src\Xen.DomainClasses\Xen.DomainClasses.xproj", "{CAD0C1A8-B833-434C-BBA5-878DBB5B150E}"
EndProject
Project("{8BB2217D-0F2D-49D1-97BC-3654ED321F3B}") = "Xen.WebApi", "src\Xen.WebApi\Xen.WebApi.xproj", "{F36ACF38-720D-4BBB-8FCF-B450AC76BE27}"
EndProject
Project("{8BB2217D-0F2D-49D1-97BC-3654ED321F3B}") = "Xen.Repositories", "src\Xen.Repositories\Xen.Repositories.xproj", "{50A9DF3E-ED08-4D27-AC36-C215A53EDDE9}"
EndProject
Project("{8BB2217D-0F2D-49D1-97BC-3654ED321F3B}") = "Xen.UnitOfWork", "src\Xen.UnitOfWork\Xen.UnitOfWork.xproj", "{6C6681A1-8E2E-420A-9F56-A656F40CC75A}"
EndProject
Project("{8BB2217D-0F2D-49D1-97BC-3654ED321F3B}") = "Xen.Repositories.Test", "test\Xen.Repositories.Test\Xen.Repositories.Test.xproj", "{DAD7CA74-2495-4E35-A9C7-6F6546B834AB}"
EndProject
Project("{8BB2217D-0F2D-49D1-97BC-3654ED321F3B}") = "Xen.UI.Test", "test\Xen.UI.Test\Xen.UI.Test.xproj", "{C039F004-83A4-4EDE-89B7-6DFBAEA2EE97}"
EndProject
Project("{8BB2217D-0F2D-49D1-97BC-3654ED321F3B}") = "Xen.WebApi.Test", "test\Xen.WebApi.Test\Xen.WebApi.Test.xproj", "{87DA3934-D1BC-4A3B-9E18-7A2D0F3B78DA}"
EndProject
Global
	GlobalSection(SolutionConfigurationPlatforms) = preSolution
		Debug|Any CPU = Debug|Any CPU
		Release|Any CPU = Release|Any CPU
	EndGlobalSection
	GlobalSection(ProjectConfigurationPlatforms) = postSolution
		{81B1A4FF-6A6A-4149-BC64-A567B0D02463}.Debug|Any CPU.ActiveCfg = Debug|Any CPU
		{81B1A4FF-6A6A-4149-BC64-A567B0D02463}.Debug|Any CPU.Build.0 = Debug|Any CPU
		{81B1A4FF-6A6A-4149-BC64-A567B0D02463}.Release|Any CPU.ActiveCfg = Release|Any CPU
		{81B1A4FF-6A6A-4149-BC64-A567B0D02463}.Release|Any CPU.Build.0 = Release|Any CPU
		{3EF9A41A-046F-4344-B091-F3FFC5DA6719}.Debug|Any CPU.ActiveCfg = Debug|Any CPU
		{3EF9A41A-046F-4344-B091-F3FFC5DA6719}.Debug|Any CPU.Build.0 = Debug|Any CPU
		{3EF9A41A-046F-4344-B091-F3FFC5DA6719}.Release|Any CPU.ActiveCfg = Release|Any CPU
		{D2F87585-A925-4DC5-B4D2-0B7C28073439}.Debug|Any CPU.ActiveCfg = Debug|Any CPU
		{D2F87585-A925-4DC5-B4D2-0B7C28073439}.Debug|Any CPU.Build.0 = Debug|Any CPU
		{D2F87585-A925-4DC5-B4D2-0B7C28073439}.Release|Any CPU.ActiveCfg = Release|Any CPU
		{CAD0C1A8-B833-434C-BBA5-878DBB5B150E}.Debug|Any CPU.ActiveCfg = Debug|Any CPU
		{CAD0C1A8-B833-434C-BBA5-878DBB5B150E}.Debug|Any CPU.Build.0 = Debug|Any CPU
		{CAD0C1A8-B833-434C-BBA5-878DBB5B150E}.Release|Any CPU.ActiveCfg = Release|Any CPU
		{F36ACF38-720D-4BBB-8FCF-B450AC76BE27}.Debug|Any CPU.ActiveCfg = Debug|Any CPU
		{F36ACF38-720D-4BBB-8FCF-B450AC76BE27}.Debug|Any CPU.Build.0 = Debug|Any CPU
		{F36ACF38-720D-4BBB-8FCF-B450AC76BE27}.Release|Any CPU.ActiveCfg = Release|Any CPU
		{50A9DF3E-ED08-4D27-AC36-C215A53EDDE9}.Debug|Any CPU.ActiveCfg = Debug|Any CPU
		{50A9DF3E-ED08-4D27-AC36-C215A53EDDE9}.Debug|Any CPU.Build.0 = Debug|Any CPU
		{50A9DF3E-ED08-4D27-AC36-C215A53EDDE9}.Release|Any CPU.ActiveCfg = Release|Any CPU
		{6C6681A1-8E2E-420A-9F56-A656F40CC75A}.Debug|Any CPU.ActiveCfg = Debug|Any CPU
		{6C6681A1-8E2E-420A-9F56-A656F40CC75A}.Debug|Any CPU.Build.0 = Debug|Any CPU
		{6C6681A1-8E2E-420A-9F56-A656F40CC75A}.Release|Any CPU.ActiveCfg = Release|Any CPU
		{DAD7CA74-2495-4E35-A9C7-6F6546B834AB}.Debug|Any CPU.ActiveCfg = Debug|Any CPU
		{DAD7CA74-2495-4E35-A9C7-6F6546B834AB}.Debug|Any CPU.Build.0 = Debug|Any CPU
		{DAD7CA74-2495-4E35-A9C7-6F6546B834AB}.Release|Any CPU.ActiveCfg = Release|Any CPU
		{C039F004-83A4-4EDE-89B7-6DFBAEA2EE97}.Debug|Any CPU.ActiveCfg = Debug|Any CPU
		{C039F004-83A4-4EDE-89B7-6DFBAEA2EE97}.Debug|Any CPU.Build.0 = Debug|Any CPU
		{C039F004-83A4-4EDE-89B7-6DFBAEA2EE97}.Release|Any CPU.ActiveCfg = Release|Any CPU
		{87DA3934-D1BC-4A3B-9E18-7A2D0F3B78DA}.Debug|Any CPU.ActiveCfg = Debug|Any CPU
		{87DA3934-D1BC-4A3B-9E18-7A2D0F3B78DA}.Debug|Any CPU.Build.0 = Debug|Any CPU
		{87DA3934-D1BC-4A3B-9E18-7A2D0F3B78DA}.Release|Any CPU.ActiveCfg = Release|Any CPU
	EndGlobalSection
	GlobalSection(SolutionProperties) = preSolution
		HideSolutionNode = FALSE
	EndGlobalSection
	GlobalSection(NestedProjects) = preSolution
		{81B1A4FF-6A6A-4149-BC64-A567B0D02463} = {D23FC427-43BC-4D2E-BEB5-CF0F622A1CDC}
		{E1E23041-C74F-415D-BF9D-355EC8E2EDCF} = {C67EFEA7-2D80-4AFC-8038-D4F56BE0CFFF}
		{D23FC427-43BC-4D2E-BEB5-CF0F622A1CDC} = {067A9BFB-4407-4AAA-962C-00C1033637BF}
		{CAD8B711-5922-46FC-8ECC-572B44BA43FC} = {067A9BFB-4407-4AAA-962C-00C1033637BF}
		{2E0987ED-82C6-4507-B02B-83918D05B633} = {067A9BFB-4407-4AAA-962C-00C1033637BF}
		{3D1B7287-5EA6-41B9-B0C5-37297AF9B3AA} = {067A9BFB-4407-4AAA-962C-00C1033637BF}
		{C778672F-DC23-4741-8320-DC7E6DE73B3D} = {771962B6-DD83-4241-AC2D-70093FC40E7F}
		{1830E2DC-B129-4109-A674-CCD099889311} = {771962B6-DD83-4241-AC2D-70093FC40E7F}
		{7E47F29E-6325-4087-B582-0E50041329E5} = {3D1B7287-5EA6-41B9-B0C5-37297AF9B3AA}
		{83A19961-C8CC-4899-8C09-A1A80F11B67C} = {3D1B7287-5EA6-41B9-B0C5-37297AF9B3AA}
		{3EF9A41A-046F-4344-B091-F3FFC5DA6719} = {C67EFEA7-2D80-4AFC-8038-D4F56BE0CFFF}
		{D2F87585-A925-4DC5-B4D2-0B7C28073439} = {83A19961-C8CC-4899-8C09-A1A80F11B67C}
		{CAD0C1A8-B833-434C-BBA5-878DBB5B150E} = {2E0987ED-82C6-4507-B02B-83918D05B633}
		{F36ACF38-720D-4BBB-8FCF-B450AC76BE27} = {CAD8B711-5922-46FC-8ECC-572B44BA43FC}
		{50A9DF3E-ED08-4D27-AC36-C215A53EDDE9} = {83A19961-C8CC-4899-8C09-A1A80F11B67C}
		{6C6681A1-8E2E-420A-9F56-A656F40CC75A} = {83A19961-C8CC-4899-8C09-A1A80F11B67C}
		{DAD7CA74-2495-4E35-A9C7-6F6546B834AB} = {E68B1AF1-B4B8-4B25-8799-C655D0862B7A}
		{C039F004-83A4-4EDE-89B7-6DFBAEA2EE97} = {E68B1AF1-B4B8-4B25-8799-C655D0862B7A}
		{87DA3934-D1BC-4A3B-9E18-7A2D0F3B78DA} = {E68B1AF1-B4B8-4B25-8799-C655D0862B7A}
	EndGlobalSection
EndGlobal
